
Microsoft Visual Studio Solution File, Format Version 12.00
# Visual Studio Version 17
VisualStudioVersion = 17.14.36221.1 d17.14
MinimumVisualStudioVersion = 10.0.40219.1
Project("{FAE04EC0-301F-11D3-BF4B-00C04F79EFBC}") = "BrainofTrump", "BrainofTrump.csproj", "{6F32605E-F059-4F4B-B056-ABE77C18FCB5}"
EndProject
Global
	GlobalSection(SolutionConfigurationPlatforms) = preSolution
		Debug|Any CPU = Debug|Any CPU
		Release|Any CPU = Release|Any CPU
	EndGlobalSection
	GlobalSection(ProjectConfigurationPlatforms) = postSolution
		{6F32605E-F059-4F4B-B056-ABE77C18FCB5}.Debug|Any CPU.ActiveCfg = Debug|Any CPU
		{6F32605E-F059-4F4B-B056-ABE77C18FCB5}.Debug|Any CPU.Build.0 = Debug|Any CPU
		{6F32605E-F059-4F4B-B056-ABE77C18FCB5}.Release|Any CPU.ActiveCfg = Release|Any CPU
		{6F32605E-F059-4F4B-B056-ABE77C18FCB5}.Release|Any CPU.Build.0 = Release|Any CPU
	EndGlobalSection
	GlobalSection(SolutionProperties) = preSolution
		HideSolutionNode = FALSE
	EndGlobalSection
	GlobalSection(ExtensibilityGlobals) = postSolution
		SolutionGuid = {BE389BD8-7EDE-43BA-8573-F28367881B9F}
	EndGlobalSection
EndGlobal
